[[package]]
name = "appdirs"
version = "1.4.4"
description = "A small Python module for determining appropriate platform-specific dirs, e.g. a \"user data dir\"."
category = "main"
optional = false
python-versions = "*"

[[package]]
name = "arrow"
version = "1.0.3"
description = "Better dates & times for Python"
category = "main"
optional = false
python-versions = ">=3.6"

[package.dependencies]
python-dateutil = ">=2.7.0"

[[package]]
name = "dateparser"
version = "1.0.0"
description = "Date parsing library designed to parse dates from HTML pages"
category = "main"
optional = false
python-versions = ">=3.5"

[package.dependencies]
python-dateutil = "*"
pytz = "*"
regex = "!=2019.02.19"
tzlocal = "*"

[package.extras]
calendars = ["convertdate", "hijri-converter", "convertdate"]

[[package]]
name = "moment"
version = "0.10"
description = "Dealing with dates and times should be easy"
category = "main"
optional = false
python-versions = "*"

[package.dependencies]
dateparser = ">=0.7"
pytz = ">=2018.9"
times = ">=0.7"

[[package]]
name = "pyee"
version = "7.0.4"
description = "A port of node.js's EventEmitter to python."
category = "main"
optional = false
python-versions = "*"

[[package]]
name = "pyppeteer"
version = "0.2.2"
description = "Headless chrome/chromium automation library (unofficial port of puppeteer)"
category = "main"
optional = false
python-versions = ">=3.6.1,<4.0.0"

[package.dependencies]
appdirs = ">=1.4.3,<2.0.0"
pyee = ">=7.0.1,<8.0.0"
tqdm = ">=4.42.1,<5.0.0"
urllib3 = ">=1.25.8,<2.0.0"
websockets = ">=8.1,<9.0"

[[package]]
name = "python-dateutil"
version = "2.8.1"
description = "Extensions to the standard Python datetime module"
category = "main"
optional = false
python-versions = "!=3.0.*,!=3.1.*,!=3.2.*,>=2.7"

[package.dependencies]
six = ">=1.5"

[[package]]
name = "python-dotenv"
version = "0.14.0"
description = "Add .env support to your django/flask apps in development and deployments"
category = "main"
optional = false
python-versions = "*"

[package.extras]
cli = ["click (>=5.0)"]

[[package]]
name = "pytz"
version = "2021.1"
description = "World timezone definitions, modern and historical"
category = "main"
optional = false
python-versions = "*"

[[package]]
name = "regex"
version = "2021.3.17"
description = "Alternative regular expression module, to replace re."
category = "main"
optional = false
python-versions = "*"

[[package]]
name = "six"
version = "1.15.0"
description = "Python 2 and 3 compatibility utilities"
category = "main"
optional = false
python-versions = ">=2.7, !=3.0.*, !=3.1.*, !=3.2.*"

[[package]]
name = "slackweb"
version = "1.0.5"
description = "slack bot for incomming webhook"
category = "main"
optional = false
python-versions = "*"

[[package]]
name = "times"
version = "0.7"
description = "Times is a small, minimalistic, Python library for dealing with time conversions between universal time and arbitrary timezones."
category = "main"
optional = false
python-versions = "*"

[package.dependencies]
arrow = "*"

[[package]]
name = "tqdm"
version = "4.59.0"
description = "Fast, Extensible Progress Meter"
category = "main"
optional = false
python-versions = "!=3.0.*,!=3.1.*,!=3.2.*,!=3.3.*,>=2.7"

[package.extras]
dev = ["py-make (>=0.1.0)", "twine", "wheel"]
notebook = ["ipywidgets (>=6)"]
telegram = ["requests"]

[[package]]
name = "tzlocal"
version = "2.1"
description = "tzinfo object for the local timezone"
category = "main"
optional = false
python-versions = "*"

[package.dependencies]
pytz = "*"

[[package]]
name = "urllib3"
version = "1.26.4"
description = "HTTP library with thread-safe connection pooling, file post, and more."
category = "main"
optional = false
python-versions = ">=2.7, !=3.0.*, !=3.1.*, !=3.2.*, !=3.3.*, !=3.4.*, <4"

[package.extras]
secure = ["pyOpenSSL (>=0.14)", "cryptography (>=1.3.4)", "idna (>=2.0.0)", "certifi", "ipaddress"]
socks = ["PySocks (>=1.5.6,!=1.5.7,<2.0)"]
brotli = ["brotlipy (>=0.6.0)"]

[[package]]
name = "websockets"
version = "8.1"
description = "An implementation of the WebSocket Protocol (RFC 6455 & 7692)"
category = "main"
optional = false
python-versions = ">=3.6.1"

[metadata]
lock-version = "1.1"
python-versions = "^3.8"
content-hash = "305c2d0a30b2745009a4269bb696a28e20e7d18a6b25c317887620c39671a9ee"

[metadata.files]
appdirs = [
    {file = "appdirs-1.4.4-py2.py3-none-any.whl", hash = "sha256:a841dacd6b99318a741b166adb07e19ee71a274450e68237b4650ca1055ab128"},
    {file = "appdirs-1.4.4.tar.gz", hash = "sha256:7d5d0167b2b1ba821647616af46a749d1c653740dd0d2415100fe26e27afdf41"},
]
arrow = [
    {file = "arrow-1.0.3-py3-none-any.whl", hash = "sha256:3515630f11a15c61dcb4cdd245883270dd334c83f3e639824e65a4b79cc48543"},
    {file = "arrow-1.0.3.tar.gz", hash = "sha256:399c9c8ae732270e1aa58ead835a79a40d7be8aa109c579898eb41029b5a231d"},
]
dateparser = [
    {file = "dateparser-1.0.0-py2.py3-none-any.whl", hash = "sha256:17202df32c7a36e773136ff353aa3767e987f8b3e27374c39fd21a30a803d6f8"},
    {file = "dateparser-1.0.0.tar.gz", hash = "sha256:159cc4e01a593706a15cd4e269a0b3345edf3aef8bf9278a57dac8adf5bf1e4a"},
]
moment = [
    {file = "moment-0.10-py3-none-any.whl", hash = "sha256:ab75189bff36826f7dac5e10f646349aa7d0938bd387a52daba879e29f3517c2"},
    {file = "moment-0.10.tar.gz", hash = "sha256:018e2ed7e877fe3e6fbf5b244438a6a3145241b61b10837d7b05bf573f34e7c4"},
]
pyee = [
    {file = "pyee-7.0.4-py2.py3-none-any.whl", hash = "sha256:0667fd696f55ffdf9f2646fa60557b4eeae1a427315d3938b614ee40755d18b6"},
    {file = "pyee-7.0.4.tar.gz", hash = "sha256:15c6bcc14de2c2b3d8ee8923283fca182bcfab4155975a5165c66fc4bf44b680"},
]
pyppeteer = [
    {file = "pyppeteer-0.2.2-py3-none-any.whl", hash = "sha256:27d1f1a54e233428b4de3489d516db7d4805f67442bb77a7718cc04d7a40debb"},
    {file = "pyppeteer-0.2.2.tar.gz", hash = "sha256:153c62666fe1d55b3941d1634733c02cafb47188fcf282987371e863d58f22e9"},
]
python-dateutil = [
    {file = "python-dateutil-2.8.1.tar.gz", hash = "sha256:73ebfe9dbf22e832286dafa60473e4cd239f8592f699aa5adaf10050e6e1823c"},
    {file = "python_dateutil-2.8.1-py2.py3-none-any.whl", hash = "sha256:75bb3f31ea686f1197762692a9ee6a7550b59fc6ca3a1f4b5d7e32fb98e2da2a"},
]
python-dotenv = [
    {file = "python-dotenv-0.14.0.tar.gz", hash = "sha256:8c10c99a1b25d9a68058a1ad6f90381a62ba68230ca93966882a4dbc3bc9c33d"},
    {file = "python_dotenv-0.14.0-py2.py3-none-any.whl", hash = "sha256:c10863aee750ad720f4f43436565e4c1698798d763b63234fb5021b6c616e423"},
]
pytz = [
    {file = "pytz-2021.1-py2.py3-none-any.whl", hash = "sha256:eb10ce3e7736052ed3623d49975ce333bcd712c7bb19a58b9e2089d4057d0798"},
    {file = "pytz-2021.1.tar.gz", hash = "sha256:83a4a90894bf38e243cf052c8b58f381bfe9a7a483f6a9cab140bc7f702ac4da"},
]
regex = [
    {file = "regex-2021.3.17-cp36-cp36m-macosx_10_9_x86_64.whl", hash = "sha256:b97ec5d299c10d96617cc851b2e0f81ba5d9d6248413cd374ef7f3a8871ee4a6"},
    {file = "regex-2021.3.17-cp36-cp36m-manylinux1_i686.whl", hash = "sha256:cb4ee827857a5ad9b8ae34d3c8cc51151cb4a3fe082c12ec20ec73e63cc7c6f0"},
    {file = "regex-2021.3.17-cp36-cp36m-manylinux1_x86_64.whl", hash = "sha256:633497504e2a485a70a3268d4fc403fe3063a50a50eed1039083e9471ad0101c"},
    {file = "regex-2021.3.17-cp36-cp36m-manylinux2010_i686.whl", hash = "sha256:a59a2ee329b3de764b21495d78c92ab00b4ea79acef0f7ae8c1067f773570afa"},
    {file = "regex-2021.3.17-cp36-cp36m-manylinux2010_x86_64.whl", hash = "sha256:f85d6f41e34f6a2d1607e312820971872944f1661a73d33e1e82d35ea3305e14"},
    {file = "regex-2021.3.17-cp36-cp36m-manylinux2014_aarch64.whl", hash = "sha256:4651f839dbde0816798e698626af6a2469eee6d9964824bb5386091255a1694f"},
    {file = "regex-2021.3.17-cp36-cp36m-manylinux2014_i686.whl", hash = "sha256:39c44532d0e4f1639a89e52355b949573e1e2c5116106a395642cbbae0ff9bcd"},
    {file = "regex-2021.3.17-cp36-cp36m-manylinux2014_x86_64.whl", hash = "sha256:3d9a7e215e02bd7646a91fb8bcba30bc55fd42a719d6b35cf80e5bae31d9134e"},
    {file = "regex-2021.3.17-cp36-cp36m-win32.whl", hash = "sha256:159fac1a4731409c830d32913f13f68346d6b8e39650ed5d704a9ce2f9ef9cb3"},
    {file = "regex-2021.3.17-cp36-cp36m-win_amd64.whl", hash = "sha256:13f50969028e81765ed2a1c5fcfdc246c245cf8d47986d5172e82ab1a0c42ee5"},
    {file = "regex-2021.3.17-cp37-cp37m-macosx_10_9_x86_64.whl", hash = "sha256:b9d8d286c53fe0cbc6d20bf3d583cabcd1499d89034524e3b94c93a5ab85ca90"},
    {file = "regex-2021.3.17-cp37-cp37m-manylinux1_i686.whl", hash = "sha256:201e2619a77b21a7780580ab7b5ce43835e242d3e20fef50f66a8df0542e437f"},
    {file = "regex-2021.3.17-cp37-cp37m-manylinux1_x86_64.whl", hash = "sha256:d47d359545b0ccad29d572ecd52c9da945de7cd6cf9c0cfcb0269f76d3555689"},
    {file = "regex-2021.3.17-cp37-cp37m-manylinux2010_i686.whl", hash = "sha256:ea2f41445852c660ba7c3ebf7d70b3779b20d9ca8ba54485a17740db49f46932"},
    {file = "regex-2021.3.17-cp37-cp37m-manylinux2010_x86_64.whl", hash = "sha256:486a5f8e11e1f5bbfcad87f7c7745eb14796642323e7e1829a331f87a713daaa"},
    {file = "regex-2021.3.17-cp37-cp37m-manylinux2014_aarch64.whl", hash = "sha256:18e25e0afe1cf0f62781a150c1454b2113785401ba285c745acf10c8ca8917df"},
    {file = "regex-2021.3.17-cp37-cp37m-manylinux2014_i686.whl", hash = "sha256:a2ee026f4156789df8644d23ef423e6194fad0bc53575534101bb1de5d67e8ce"},
    {file = "regex-2021.3.17-cp37-cp37m-manylinux2014_x86_64.whl", hash = "sha256:4c0788010a93ace8a174d73e7c6c9d3e6e3b7ad99a453c8ee8c975ddd9965643"},
    {file = "regex-2021.3.17-cp37-cp37m-win32.whl", hash = "sha256:575a832e09d237ae5fedb825a7a5bc6a116090dd57d6417d4f3b75121c73e3be"},
    {file = "regex-2021.3.17-cp37-cp37m-win_amd64.whl", hash = "sha256:8e65e3e4c6feadf6770e2ad89ad3deb524bcb03d8dc679f381d0568c024e0deb"},
    {file = "regex-2021.3.17-cp38-cp38-macosx_10_9_x86_64.whl", hash = "sha256:a0df9a0ad2aad49ea3c7f65edd2ffb3d5c59589b85992a6006354f6fb109bb18"},
    {file = "regex-2021.3.17-cp38-cp38-manylinux1_i686.whl", hash = "sha256:b98bc9db003f1079caf07b610377ed1ac2e2c11acc2bea4892e28cc5b509d8d5"},
    {file = "regex-2021.3.17-cp38-cp38-manylinux1_x86_64.whl", hash = "sha256:808404898e9a765e4058bf3d7607d0629000e0a14a6782ccbb089296b76fa8fe"},
    {file = "regex-2021.3.17-cp38-cp38-manylinux2010_i686.whl", hash = "sha256:5770a51180d85ea468234bc7987f5597803a4c3d7463e7323322fe4a1b181578"},
    {file = "regex-2021.3.17-cp38-cp38-manylinux2010_x86_64.whl", hash = "sha256:976a54d44fd043d958a69b18705a910a8376196c6b6ee5f2596ffc11bff4420d"},
    {file = "regex-2021.3.17-cp38-cp38-manylinux2014_aarch64.whl", hash = "sha256:63f3ca8451e5ff7133ffbec9eda641aeab2001be1a01878990f6c87e3c44b9d5"},
    {file = "regex-2021.3.17-cp38-cp38-manylinux2014_i686.whl", hash = "sha256:bcd945175c29a672f13fce13a11893556cd440e37c1b643d6eeab1988c8b209c"},
    {file = "regex-2021.3.17-cp38-cp38-manylinux2014_x86_64.whl", hash = "sha256:3d9356add82cff75413bec360c1eca3e58db4a9f5dafa1f19650958a81e3249d"},
    {file = "regex-2021.3.17-cp38-cp38-win32.whl", hash = "sha256:f5d0c921c99297354cecc5a416ee4280bd3f20fd81b9fb671ca6be71499c3fdf"},
    {file = "regex-2021.3.17-cp38-cp38-win_amd64.whl", hash = "sha256:14de88eda0976020528efc92d0a1f8830e2fb0de2ae6005a6fc4e062553031fa"},
    {file = "regex-2021.3.17-cp39-cp39-macosx_10_9_x86_64.whl", hash = "sha256:4c2e364491406b7888c2ad4428245fc56c327e34a5dfe58fd40df272b3c3dab3"},
    {file = "regex-2021.3.17-cp39-cp39-manylinux1_i686.whl", hash = "sha256:8bd4f91f3fb1c9b1380d6894bd5b4a519409135bec14c0c80151e58394a4e88a"},
    {file = "regex-2021.3.17-cp39-cp39-manylinux1_x86_64.whl", hash = "sha256:882f53afe31ef0425b405a3f601c0009b44206ea7f55ee1c606aad3cc213a52c"},
    {file = "regex-2021.3.17-cp39-cp39-manylinux2010_i686.whl", hash = "sha256:07ef35301b4484bce843831e7039a84e19d8d33b3f8b2f9aab86c376813d0139"},
    {file = "regex-2021.3.17-cp39-cp39-manylinux2010_x86_64.whl", hash = "sha256:360a01b5fa2ad35b3113ae0c07fb544ad180603fa3b1f074f52d98c1096fa15e"},
    {file = "regex-2021.3.17-cp39-cp39-manylinux2014_aarch64.whl", hash = "sha256:709f65bb2fa9825f09892617d01246002097f8f9b6dde8d1bb4083cf554701ba"},
    {file = "regex-2021.3.17-cp39-cp39-manylinux2014_i686.whl", hash = "sha256:c66221e947d7207457f8b6f42b12f613b09efa9669f65a587a2a71f6a0e4d106"},
    {file = "regex-2021.3.17-cp39-cp39-manylinux2014_x86_64.whl", hash = "sha256:c782da0e45aff131f0bed6e66fbcfa589ff2862fc719b83a88640daa01a5aff7"},
    {file = "regex-2021.3.17-cp39-cp39-win32.whl", hash = "sha256:dc9963aacb7da5177e40874585d7407c0f93fb9d7518ec58b86e562f633f36cd"},
    {file = "regex-2021.3.17-cp39-cp39-win_amd64.whl", hash = "sha256:a0d04128e005142260de3733591ddf476e4902c0c23c1af237d9acf3c96e1b38"},
    {file = "regex-2021.3.17.tar.gz", hash = "sha256:4b8a1fb724904139149a43e172850f35aa6ea97fb0545244dc0b805e0154ed68"},
]
six = [
    {file = "six-1.15.0-py2.py3-none-any.whl", hash = "sha256:8b74bedcbbbaca38ff6d7491d76f2b06b3592611af620f8426e82dddb04a5ced"},
    {file = "six-1.15.0.tar.gz", hash = "sha256:30639c035cdb23534cd4aa2dd52c3bf48f06e5f4a941509c8bafd8ce11080259"},
]
slackweb = [
    {file = "slackweb-1.0.5.tar.gz", hash = "sha256:bb64f1f8fea99fc04ce8fb300a09aab8fe51d86e25cedafb1eaca07f7b828c36"},
]
times = [
    {file = "times-0.7-py2.py3-none-any.whl", hash = "sha256:71a47e488fb727fecbd2bc6b4e3559fd4425eb6e20c68b1418069325a4c58a37"},
    {file = "times-0.7.tar.gz", hash = "sha256:ed9da7bd0384ff4e1b3fc84114c27c2e3987072dbaf24425340bfedd405bc4b5"},
]
tqdm = [
    {file = "tqdm-4.59.0-py2.py3-none-any.whl", hash = "sha256:9fdf349068d047d4cfbe24862c425883af1db29bcddf4b0eeb2524f6fbdb23c7"},
    {file = "tqdm-4.59.0.tar.gz", hash = "sha256:d666ae29164da3e517fcf125e41d4fe96e5bb375cd87ff9763f6b38b5592fe33"},
]
tzlocal = [
    {file = "tzlocal-2.1-py2.py3-none-any.whl", hash = "sha256:e2cb6c6b5b604af38597403e9852872d7f534962ae2954c7f35efcb1ccacf4a4"},
    {file = "tzlocal-2.1.tar.gz", hash = "sha256:643c97c5294aedc737780a49d9df30889321cbe1204eac2c2ec6134035a92e44"},
]
urllib3 = [
    {file = "urllib3-1.26.4-py2.py3-none-any.whl", hash = "sha256:2f4da4594db7e1e110a944bb1b551fdf4e6c136ad42e4234131391e21eb5b0df"},
    {file = "urllib3-1.26.4.tar.gz", hash = "sha256:e7b021f7241115872f92f43c6508082facffbd1c048e3c6e2bb9c2a157e28937"},
]
websockets = [
    {file = "websockets-8.1-cp36-cp36m-macosx_10_6_intel.whl", hash = "sha256:3762791ab8b38948f0c4d281c8b2ddfa99b7e510e46bd8dfa942a5fff621068c"},
    {file = "websockets-8.1-cp36-cp36m-manylinux1_i686.whl", hash = "sha256:3db87421956f1b0779a7564915875ba774295cc86e81bc671631379371af1170"},
    {file = "websockets-8.1-cp36-cp36m-manylinux1_x86_64.whl", hash = "sha256:4f9f7d28ce1d8f1295717c2c25b732c2bc0645db3215cf757551c392177d7cb8"},
    {file = "websockets-8.1-cp36-cp36m-manylinux2010_i686.whl", hash = "sha256:295359a2cc78736737dd88c343cd0747546b2174b5e1adc223824bcaf3e164cb"},
    {file = "websockets-8.1-cp36-cp36m-manylinux2010_x86_64.whl", hash = "sha256:1d3f1bf059d04a4e0eb4985a887d49195e15ebabc42364f4eb564b1d065793f5"},
    {file = "websockets-8.1-cp36-cp36m-win32.whl", hash = "sha256:2db62a9142e88535038a6bcfea70ef9447696ea77891aebb730a333a51ed559a"},
    {file = "websockets-8.1-cp36-cp36m-win_amd64.whl", hash = "sha256:0e4fb4de42701340bd2353bb2eee45314651caa6ccee80dbd5f5d5978888fed5"},
    {file = "websockets-8.1-cp37-cp37m-macosx_10_6_intel.whl", hash = "sha256:9b248ba3dd8a03b1a10b19efe7d4f7fa41d158fdaa95e2cf65af5a7b95a4f989"},
    {file = "websockets-8.1-cp37-cp37m-manylinux1_i686.whl", hash = "sha256:ce85b06a10fc65e6143518b96d3dca27b081a740bae261c2fb20375801a9d56d"},
    {file = "websockets-8.1-cp37-cp37m-manylinux1_x86_64.whl", hash = "sha256:965889d9f0e2a75edd81a07592d0ced54daa5b0785f57dc429c378edbcffe779"},
    {file = "websockets-8.1-cp37-cp37m-manylinux2010_i686.whl", hash = "sha256:751a556205d8245ff94aeef23546a1113b1dd4f6e4d102ded66c39b99c2ce6c8"},
    {file = "websockets-8.1-cp37-cp37m-manylinux2010_x86_64.whl", hash = "sha256:3ef56fcc7b1ff90de46ccd5a687bbd13a3180132268c4254fc0fa44ecf4fc422"},
    {file = "websockets-8.1-cp37-cp37m-win32.whl", hash = "sha256:7ff46d441db78241f4c6c27b3868c9ae71473fe03341340d2dfdbe8d79310acc"},
    {file = "websockets-8.1-cp37-cp37m-win_amd64.whl", hash = "sha256:20891f0dddade307ffddf593c733a3fdb6b83e6f9eef85908113e628fa5a8308"},
    {file = "websockets-8.1-cp38-cp38-macosx_10_9_x86_64.whl", hash = "sha256:c1ec8db4fac31850286b7cd3b9c0e1b944204668b8eb721674916d4e28744092"},
    {file = "websockets-8.1-cp38-cp38-manylinux1_i686.whl", hash = "sha256:5c01fd846263a75bc8a2b9542606927cfad57e7282965d96b93c387622487485"},
    {file = "websockets-8.1-cp38-cp38-manylinux1_x86_64.whl", hash = "sha256:9bef37ee224e104a413f0780e29adb3e514a5b698aabe0d969a6ba426b8435d1"},
    {file = "websockets-8.1-cp38-cp38-manylinux2010_i686.whl", hash = "sha256:d705f8aeecdf3262379644e4b55107a3b55860eb812b673b28d0fbc347a60c55"},
    {file = "websockets-8.1-cp38-cp38-manylinux2010_x86_64.whl", hash = "sha256:c8a116feafdb1f84607cb3b14aa1418424ae71fee131642fc568d21423b51824"},
    {file = "websockets-8.1-cp38-cp38-win32.whl", hash = "sha256:e898a0863421650f0bebac8ba40840fc02258ef4714cb7e1fd76b6a6354bda36"},
    {file = "websockets-8.1-cp38-cp38-win_amd64.whl", hash = "sha256:f8a7bff6e8664afc4e6c28b983845c5bc14965030e3fb98789734d416af77c4b"},
    {file = "websockets-8.1.tar.gz", hash = "sha256:5c65d2da8c6bce0fca2528f69f44b2f977e06954c8512a952222cea50dad430f"},
]
